
Microsoft Visual Studio Solution File, Format Version 12.00
# Visual Studio Version 17
VisualStudioVersion = 17.9.34607.119
MinimumVisualStudioVersion = 10.0.40219.1
Project("{FAE04EC0-301F-11D3-BF4B-00C04F79EFBC}") = "EmployeeLINQ", "EmployeeLINQ.csproj", "{D037EB7E-E6D2-447F-969E-271B95650E20}"
EndProject
Global
	GlobalSection(SolutionConfigurationPlatforms) = preSolution
		Debug|Any CPU = Debug|Any CPU
		Release|Any CPU = Release|Any CPU
	EndGlobalSection
	GlobalSection(ProjectConfigurationPlatforms) = postSolution
		{D037EB7E-E6D2-447F-969E-271B95650E20}.Debug|Any CPU.ActiveCfg = Debug|Any CPU
		{D037EB7E-E6D2-447F-969E-271B95650E20}.Debug|Any CPU.Build.0 = Debug|Any CPU
		{D037EB7E-E6D2-447F-969E-271B95650E20}.Release|Any CPU.ActiveCfg = Release|Any CPU
		{D037EB7E-E6D2-447F-969E-271B95650E20}.Release|Any CPU.Build.0 = Release|Any CPU
	EndGlobalSection
	GlobalSection(SolutionProperties) = preSolution
		HideSolutionNode = FALSE
	EndGlobalSection
	GlobalSection(ExtensibilityGlobals) = postSolution
		SolutionGuid = {55FAA60C-93B7-4D51-83D6-2D78D4109504}
	EndGlobalSection
EndGlobal
